// !$*UTF8*$!
{
	archiveVersion = 1;
	classes = {
	};
	objectVersion = 50;
	objects = {

/* Begin PBXBuildFile section */
		27603DCA20CD17540098F1A9 /* Item.swift in Sources */ = {isa = PBXBuildFile; fileRef = 27603DC920CD17540098F1A9 /* Item.swift */; };
		27603DCC20CD175E0098F1A9 /* Category.swift in Sources */ = {isa = PBXBuildFile; fileRef = 27603DCB20CD175E0098F1A9 /* Category.swift */; };
		27603DCE20CD37E60098F1A9 /* SwipeTableViewController.swift in Sources */ = {isa = PBXBuildFile; fileRef = 27603DCD20CD37E60098F1A9 /* SwipeTableViewController.swift */; };
		279015C920CC694400442DBD /* CategoryViewController.swift in Sources */ = {isa = PBXBuildFile; fileRef = 279015C820CC694400442DBD /* CategoryViewController.swift */; };
		27F77B8A20C867E700EC091B /* AppDelegate.swift in Sources */ = {isa = PBXBuildFile; fileRef = 27F77B8920C867E700EC091B /* AppDelegate.swift */; };
		27F77B8C20C867E700EC091B /* TodoListViewController.swift in Sources */ = {isa = PBXBuildFile; fileRef = 27F77B8B20C867E700EC091B /* TodoListViewController.swift */; };
		27F77B8F20C867E700EC091B /* Main.storyboard in Resources */ = {isa = PBXBuildFile; fileRef = 27F77B8D20C867E700EC091B /* Main.storyboard */; };
		27F77B9120C867E800EC091B /* Assets.xcassets in Resources */ = {isa = PBXBuildFile; fileRef = 27F77B9020C867E800EC091B /* Assets.xcassets */; };
		27F77B9420C867E800EC091B /* LaunchScreen.storyboard in Resources */ = {isa = PBXBuildFile; fileRef = 27F77B9220C867E800EC091B /* LaunchScreen.storyboard */; };
		F2D17CE6E863F35CE165546F /* Pods_Todoey.framework in Frameworks */ = {isa = PBXBuildFile; fileRef = DAE39766007C860C3E8507AA /* Pods_Todoey.framework */; };
/* End PBXBuildFile section */

/* Begin PBXFileReference section */
		27603DC920CD17540098F1A9 /* Item.swift */ = {isa = PBXFileReference; lastKnownFileType = sourcecode.swift; path = Item.swift; sourceTree = "<group>"; };
		27603DCB20CD175E0098F1A9 /* Category.swift */ = {isa = PBXFileReference; lastKnownFileType = sourcecode.swift; path = Category.swift; sourceTree = "<group>"; };
		27603DCD20CD37E60098F1A9 /* SwipeTableViewController.swift */ = {isa = PBXFileReference; lastKnownFileType = sourcecode.swift; path = SwipeTableViewController.swift; sourceTree = "<group>"; };
		279015C820CC694400442DBD /* CategoryViewController.swift */ = {isa = PBXFileReference; lastKnownFileType = sourcecode.swift; path = CategoryViewController.swift; sourceTree = "<group>"; };
		27F77B8620C867E700EC091B /* Todoey.app */ = {isa = PBXFileReference; explicitFileType = wrapper.application; includeInIndex = 0; path = Todoey.app; sourceTree = BUILT_PRODUCTS_DIR; };
		27F77B8920C867E700EC091B /* AppDelegate.swift */ = {isa = PBXFileReference; lastKnownFileType = sourcecode.swift; path = AppDelegate.swift; sourceTree = "<group>"; };
		27F77B8B20C867E700EC091B /* TodoListViewController.swift */ = {isa = PBXFileReference; lastKnownFileType = sourcecode.swift; path = TodoListViewController.swift; sourceTree = "<group>"; };
		27F77B8E20C867E700EC091B /* Base */ = {isa = PBXFileReference; lastKnownFileType = file.storyboard; name = Base; path = Base.lproj/Main.storyboard; sourceTree = "<group>"; };
		27F77B9020C867E800EC091B /* Assets.xcassets */ = {isa = PBXFileReference; lastKnownFileType = folder.assetcatalog; path = Assets.xcassets; sourceTree = "<group>"; };
		27F77B9320C867E800EC091B /* Base */ = {isa = PBXFileReference; lastKnownFileType = file.storyboard; name = Base; path = Base.lproj/LaunchScreen.storyboard; sourceTree = "<group>"; };
		27F77B9520C867E800EC091B /* Info.plist */ = {isa = PBXFileReference; lastKnownFileType = text.plist.xml; path = Info.plist; sourceTree = "<group>"; };
		CF091A4D99D0C4A66333A59C /* Pods-Todoey.debug.xcconfig */ = {isa = PBXFileReference; includeInIndex = 1; lastKnownFileType = text.xcconfig; name = "Pods-Todoey.debug.xcconfig"; path = "Pods/Target Support Files/Pods-Todoey/Pods-Todoey.debug.xcconfig"; sourceTree = "<group>"; };
		DAE39766007C860C3E8507AA /* Pods_Todoey.framework */ = {isa = PBXFileReference; explicitFileType = wrapper.framework; includeInIndex = 0; path = Pods_Todoey.framework; sourceTree = BUILT_PRODUCTS_DIR; };
		F9AAEFFDDBD2B9909A71AE1A /* Pods-Todoey.release.xcconfig */ = {isa = PBXFileReference; includeInIndex = 1; lastKnownFileType = text.xcconfig; name = "Pods-Todoey.release.xcconfig"; path = "Pods/Target Support Files/Pods-Todoey/Pods-Todoey.release.xcconfig"; sourceTree = "<group>"; };
/* End PBXFileReference section */

/* Begin PBXFrameworksBuildPhase section */
		27F77B8320C867E700EC091B /* Frameworks */ = {
			isa = PBXFrameworksBuildPhase;
			buildActionMask = 2147483647;
			files = (
				F2D17CE6E863F35CE165546F /* Pods_Todoey.framework in Frameworks */,
			);
			runOnlyForDeploymentPostprocessing = 0;
		};
/* End PBXFrameworksBuildPhase section */

/* Begin PBXGroup section */
		275D924220CB1B70000DCC20 /* Data Model */ = {
			isa = PBXGroup;
			children = (
				27603DCB20CD175E0098F1A9 /* Category.swift */,
				27603DC920CD17540098F1A9 /* Item.swift */,
			);
			path = "Data Model";
			sourceTree = "<group>";
		};
		275D924320CB1B7C000DCC20 /* Controllers */ = {
			isa = PBXGroup;
			children = (
				279015C820CC694400442DBD /* CategoryViewController.swift */,
				27F77B8B20C867E700EC091B /* TodoListViewController.swift */,
				27603DCD20CD37E60098F1A9 /* SwipeTableViewController.swift */,
			);
			path = Controllers;
			sourceTree = "<group>";
		};
		275D924420CB1B89000DCC20 /* Views */ = {
			isa = PBXGroup;
			children = (
				27F77B8D20C867E700EC091B /* Main.storyboard */,
			);
			path = Views;
			sourceTree = "<group>";
		};
		275D924520CB1BA3000DCC20 /* Supporting Files */ = {
			isa = PBXGroup;
			children = (
				27F77B9020C867E800EC091B /* Assets.xcassets */,
				27F77B9220C867E800EC091B /* LaunchScreen.storyboard */,
			);
			path = "Supporting Files";
			sourceTree = "<group>";
		};
		27F77B7D20C867E700EC091B = {
			isa = PBXGroup;
			children = (
				27F77B8820C867E700EC091B /* Todoey */,
				27F77B8720C867E700EC091B /* Products */,
				9FF7E59333252ADE3343BF7B /* Pods */,
				A2BA3D4F9605A84F276BCB7D /* Frameworks */,
			);
			sourceTree = "<group>";
		};
		27F77B8720C867E700EC091B /* Products */ = {
			isa = PBXGroup;
			children = (
				27F77B8620C867E700EC091B /* Todoey.app */,
			);
			name = Products;
			sourceTree = "<group>";
		};
		27F77B8820C867E700EC091B /* Todoey */ = {
			isa = PBXGroup;
			children = (
				27F77B8920C867E700EC091B /* AppDelegate.swift */,
				275D924320CB1B7C000DCC20 /* Controllers */,
				275D924220CB1B70000DCC20 /* Data Model */,
				275D924420CB1B89000DCC20 /* Views */,
				275D924520CB1BA3000DCC20 /* Supporting Files */,
				27F77B9520C867E800EC091B /* Info.plist */,
			);
			path = Todoey;
			sourceTree = "<group>";
		};
		9FF7E59333252ADE3343BF7B /* Pods */ = {
			isa = PBXGroup;
			children = (
				CF091A4D99D0C4A66333A59C /* Pods-Todoey.debug.xcconfig */,
				F9AAEFFDDBD2B9909A71AE1A /* Pods-Todoey.release.xcconfig */,
			);
			name = Pods;
			sourceTree = "<group>";
		};
		A2BA3D4F9605A84F276BCB7D /* Frameworks */ = {
			isa = PBXGroup;
			children = (
				DAE39766007C860C3E8507AA /* Pods_Todoey.framework */,
			);
			name = Frameworks;
			sourceTree = "<group>";
		};
/* End PBXGroup section */

/* Begin PBXNativeTarget section */
		27F77B8520C867E700EC091B /* Todoey */ = {
			isa = PBXNativeTarget;
			buildConfigurationList = 27F77B9820C867E800EC091B /* Build configuration list for PBXNativeTarget "Todoey" */;
			buildPhases = (
				8BF4DB0A4B946BB3D5629B47 /* [CP] Check Pods Manifest.lock */,
				27F77B8220C867E700EC091B /* Sources */,
				27F77B8320C867E700EC091B /* Frameworks */,
				27F77B8420C867E700EC091B /* Resources */,
				5A9CBAC5E8F930F03B2FAC8A /* [CP] Embed Pods Frameworks */,
			);
			buildRules = (
			);
			dependencies = (
			);
			name = Todoey;
			productName = Todoey;
			productReference = 27F77B8620C867E700EC091B /* Todoey.app */;
			productType = "com.apple.product-type.application";
		};
/* End PBXNativeTarget section */

/* Begin PBXProject section */
		27F77B7E20C867E700EC091B /* Project object */ = {
			isa = PBXProject;
			attributes = {
				LastSwiftUpdateCheck = 0940;
				LastUpgradeCheck = 0940;
				ORGANIZATIONNAME = "Klemen Tušar";
				TargetAttributes = {
					27F77B8520C867E700EC091B = {
						CreatedOnToolsVersion = 9.4;
					};
				};
			};
			buildConfigurationList = 27F77B8120C867E700EC091B /* Build configuration list for PBXProject "Todoey" */;
			compatibilityVersion = "Xcode 9.3";
			developmentRegion = en;
			hasScannedForEncodings = 0;
			knownRegions = (
				en,
				Base,
			);
			mainGroup = 27F77B7D20C867E700EC091B;
			productRefGroup = 27F77B8720C867E700EC091B /* Products */;
			projectDirPath = "";
			projectRoot = "";
			targets = (
				27F77B8520C867E700EC091B /* Todoey */,
			);
		};
/* End PBXProject section */

/* Begin PBXResourcesBuildPhase section */
		27F77B8420C867E700EC091B /* Resources */ = {
			isa = PBXResourcesBuildPhase;
			buildActionMask = 2147483647;
			files = (
				27F77B9420C867E800EC091B /* LaunchScreen.storyboard in Resources */,
				27F77B9120C867E800EC091B /* Assets.xcassets in Resources */,
				27F77B8F20C867E700EC091B /* Main.storyboard in Resources */,
			);
			runOnlyForDeploymentPostprocessing = 0;
		};
/* End PBXResourcesBuildPhase section */

/* Begin PBXShellScriptBuildPhase section */
		5A9CBAC5E8F930F03B2FAC8A /* [CP] Embed Pods Frameworks */ = {
			isa = PBXShellScriptBuildPhase;
			buildActionMask = 2147483647;
			files = (
			);
			inputPaths = (
				"${SRCROOT}/Pods/Target Support Files/Pods-Todoey/Pods-Todoey-frameworks.sh",
				"${BUILT_PRODUCTS_DIR}/ChameleonFramework/ChameleonFramework.framework",
				"${BUILT_PRODUCTS_DIR}/Realm/Realm.framework",
				"${BUILT_PRODUCTS_DIR}/RealmSwift/RealmSwift.framework",
				"${BUILT_PRODUCTS_DIR}/SwipeCellKit/SwipeCellKit.framework",
			);
			name = "[CP] Embed Pods Frameworks";
			outputPaths = (
				"${TARGET_BUILD_DIR}/${FRAMEWORKS_FOLDER_PATH}/ChameleonFramework.framework",
				"${TARGET_BUILD_DIR}/${FRAMEWORKS_FOLDER_PATH}/Realm.framework",
				"${TARGET_BUILD_DIR}/${FRAMEWORKS_FOLDER_PATH}/RealmSwift.framework",
				"${TARGET_BUILD_DIR}/${FRAMEWORKS_FOLDER_PATH}/SwipeCellKit.framework",
			);
			runOnlyForDeploymentPostprocessing = 0;
			shellPath = /bin/sh;
			shellScript = "\"${SRCROOT}/Pods/Target Support Files/Pods-Todoey/Pods-Todoey-frameworks.sh\"\n";
			showEnvVarsInLog = 0;
		};
		8BF4DB0A4B946BB3D5629B47 /* [CP] Check Pods Manifest.lock */ = {
			isa = PBXShellScriptBuildPhase;
			buildActionMask = 2147483647;
			files = (
			);
			inputPaths = (
				"${PODS_PODFILE_DIR_PATH}/Podfile.lock",
				"${PODS_ROOT}/Manifest.lock",
			);
			name = "[CP] Check Pods Manifest.lock";
			outputPaths = (
				"$(DERIVED_FILE_DIR)/Pods-Todoey-checkManifestLockResult.txt",
			);
			runOnlyForDeploymentPostprocessing = 0;
			shellPath = /bin/sh;
			shellScript = "diff \"${PODS_PODFILE_DIR_PATH}/Podfile.lock\" \"${PODS_ROOT}/Manifest.lock\" > /dev/null\nif [ $? != 0 ] ; then\n    # print error to STDERR\n    echo \"error: The sandbox is not in sync with the Podfile.lock. Run 'pod install' or update your CocoaPods installation.\" >&2\n    exit 1\nfi\n# This output is used by Xcode 'outputs' to avoid re-running this script phase.\necho \"SUCCESS\" > \"${SCRIPT_OUTPUT_FILE_0}\"\n";
			showEnvVarsInLog = 0;
		};
/* End PBXShellScriptBuildPhase section */

/* Begin PBXSourcesBuildPhase section */
		27F77B8220C867E700EC091B /* Sources */ = {
			isa = PBXSourcesBuildPhase;
			buildActionMask = 2147483647;
			files = (
				27603DCA20CD17540098F1A9 /* Item.swift in Sources */,
				27F77B8C20C867E700EC091B /* TodoListViewController.swift in Sources */,
				27F77B8A20C867E700EC091B /* AppDelegate.swift in Sources */,
				279015C920CC694400442DBD /* CategoryViewController.swift in Sources */,
				27603DCE20CD37E60098F1A9 /* SwipeTableViewController.swift in Sources */,
				27603DCC20CD175E0098F1A9 /* Category.swift in Sources */,
			);
			runOnlyForDeploymentPostprocessing = 0;
		};
/* End PBXSourcesBuildPhase section */

/* Begin PBXVariantGroup section */
		27F77B8D20C867E700EC091B /* Main.storyboard */ = {
			isa = PBXVariantGroup;
			children = (
				27F77B8E20C867E700EC091B /* Base */,
			);
			name = Main.storyboard;
			sourceTree = "<group>";
		};
		27F77B9220C867E800EC091B /* LaunchScreen.storyboard */ = {
			isa = PBXVariantGroup;
			children = (
				27F77B9320C867E800EC091B /* Base */,
			);
			name = LaunchScreen.storyboard;
			sourceTree = "<group>";
		};
/* End PBXVariantGroup section */

/* Begin XCBuildConfiguration section */
		27F77B9620C867E800EC091B /* Debug */ = {
			isa = XCBuildConfiguration;
			buildSettings = {
				ALWAYS_SEARCH_USER_PATHS = NO;
				CLANG_ANALYZER_NONNULL = YES;
				CLANG_ANALYZER_NUMBER_OBJECT_CONVERSION = YES_AGGRESSIVE;
				CLANG_CXX_LANGUAGE_STANDARD = "gnu++14";
				CLANG_CXX_LIBRARY = "libc++";
				CLANG_ENABLE_MODULES = YES;
				CLANG_ENABLE_OBJC_ARC = YES;
				CLANG_ENABLE_OBJC_WEAK = YES;
				CLANG_WARN_BLOCK_CAPTURE_AUTORELEASING = YES;
				CLANG_WARN_BOOL_CONVERSION = YES;
				CLANG_WARN_COMMA = YES;
				CLANG_WARN_CONSTANT_CONVERSION = YES;
				CLANG_WARN_DEPRECATED_OBJC_IMPLEMENTATIONS = YES;
				CLANG_WARN_DIRECT_OBJC_ISA_USAGE = YES_ERROR;
				CLANG_WARN_DOCUMENTATION_COMMENTS = YES;
				CLANG_WARN_EMPTY_BODY = YES;
				CLANG_WARN_ENUM_CONVERSION = YES;
				CLANG_WARN_INFINITE_RECURSION = YES;
				CLANG_WARN_INT_CONVERSION = YES;
				CLANG_WARN_NON_LITERAL_NULL_CONVERSION = YES;
				CLANG_WARN_OBJC_IMPLICIT_RETAIN_SELF = YES;
				CLANG_WARN_OBJC_LITERAL_CONVERSION = YES;
				CLANG_WARN_OBJC_ROOT_CLASS = YES_ERROR;
				CLANG_WARN_RANGE_LOOP_ANALYSIS = YES;
				CLANG_WARN_STRICT_PROTOTYPES = YES;
				CLANG_WARN_SUSPICIOUS_MOVE = YES;
				CLANG_WARN_UNGUARDED_AVAILABILITY = YES_AGGRESSIVE;
				CLANG_WARN_UNREACHABLE_CODE = YES;
				CLANG_WARN__DUPLICATE_METHOD_MATCH = YES;
				CODE_SIGN_IDENTITY = "iPhone Developer";
				COPY_PHASE_STRIP = NO;
				DEBUG_INFORMATION_FORMAT = dwarf;
				ENABLE_STRICT_OBJC_MSGSEND = YES;
				ENABLE_TESTABILITY = YES;
				GCC_C_LANGUAGE_STANDARD = gnu11;
				GCC_DYNAMIC_NO_PIC = NO;
				GCC_NO_COMMON_BLOCKS = YES;
				GCC_OPTIMIZATION_LEVEL = 0;
				GCC_PREPROCESSOR_DEFINITIONS = (
					"DEBUG=1",
					"$(inherited)",
				);
				GCC_WARN_64_TO_32_BIT_CONVERSION = YES;
				GCC_WARN_ABOUT_RETURN_TYPE = YES_ERROR;
				GCC_WARN_UNDECLARED_SELECTOR = YES;
				GCC_WARN_UNINITIALIZED_AUTOS = YES_AGGRESSIVE;
				GCC_WARN_UNUSED_FUNCTION = YES;
				GCC_WARN_UNUSED_VARIABLE = YES;
				IPHONEOS_DEPLOYMENT_TARGET = 11.4;
				MTL_ENABLE_DEBUG_INFO = YES;
				ONLY_ACTIVE_ARCH = YES;
				SDKROOT = iphoneos;
				SWIFT_ACTIVE_COMPILATION_CONDITIONS = DEBUG;
				SWIFT_OPTIMIZATION_LEVEL = "-Onone";
			};
			name = Debug;
		};
		27F77B9720C867E800EC091B /* Release */ = {
			isa = XCBuildConfiguration;
			buildSettings = {
				ALWAYS_SEARCH_USER_PATHS = NO;
				CLANG_ANALYZER_NONNULL = YES;
				CLANG_ANALYZER_NUMBER_OBJECT_CONVERSION = YES_AGGRESSIVE;
				CLANG_CXX_LANGUAGE_STANDARD = "gnu++14";
				CLANG_CXX_LIBRARY = "libc++";
				CLANG_ENABLE_MODULES = YES;
				CLANG_ENABLE_OBJC_ARC = YES;
				CLANG_ENABLE_OBJC_WEAK = YES;
				CLANG_WARN_BLOCK_CAPTURE_AUTORELEASING = YES;
				CLANG_WARN_BOOL_CONVERSION = YES;
				CLANG_WARN_COMMA = YES;
				CLANG_WARN_CONSTANT_CONVERSION = YES;
				CLANG_WARN_DEPRECATED_OBJC_IMPLEMENTATIONS = YES;
				CLANG_WARN_DIRECT_OBJC_ISA_USAGE = YES_ERROR;
				CLANG_WARN_DOCUMENTATION_COMMENTS = YES;
				CLANG_WARN_EMPTY_BODY = YES;
				CLANG_WARN_ENUM_CONVERSION = YES;
				CLANG_WARN_INFINITE_RECURSION = YES;
				CLANG_WARN_INT_CONVERSION = YES;
				CLANG_WARN_NON_LITERAL_NULL_CONVERSION = YES;
				CLANG_WARN_OBJC_IMPLICIT_RETAIN_SELF = YES;
				CLANG_WARN_OBJC_LITERAL_CONVERSION = YES;
				CLANG_WARN_OBJC_ROOT_CLASS = YES_ERROR;
				CLANG_WARN_RANGE_LOOP_ANALYSIS = YES;
				CLANG_WARN_STRICT_PROTOTYPES = YES;
				CLANG_WARN_SUSPICIOUS_MOVE = YES;
				CLANG_WARN_UNGUARDED_AVAILABILITY = YES_AGGRESSIVE;
				CLANG_WARN_UNREACHABLE_CODE = YES;
				CLANG_WARN__DUPLICATE_METHOD_MATCH = YES;
				CODE_SIGN_IDENTITY = "iPhone Developer";
				COPY_PHASE_STRIP = NO;
				DEBUG_INFORMATION_FORMAT = "dwarf-with-dsym";
				ENABLE_NS_ASSERTIONS = NO;
				ENABLE_STRICT_OBJC_MSGSEND = YES;
				GCC_C_LANGUAGE_STANDARD = gnu11;
				GCC_NO_COMMON_BLOCKS = YES;
				GCC_WARN_64_TO_32_BIT_CONVERSION = YES;
				GCC_WARN_ABOUT_RETURN_TYPE = YES_ERROR;
				GCC_WARN_UNDECLARED_SELECTOR = YES;
				GCC_WARN_UNINITIALIZED_AUTOS = YES_AGGRESSIVE;
				GCC_WARN_UNUSED_FUNCTION = YES;
				GCC_WARN_UNUSED_VARIABLE = YES;
				IPHONEOS_DEPLOYMENT_TARGET = 11.4;
				MTL_ENABLE_DEBUG_INFO = NO;
				SDKROOT = iphoneos;
				SWIFT_COMPILATION_MODE = wholemodule;
				SWIFT_OPTIMIZATION_LEVEL = "-O";
				VALIDATE_PRODUCT = YES;
			};
			name = Release;
		};
		27F77B9920C867E800EC091B /* Debug */ = {
			isa = XCBuildConfiguration;
			baseConfigurationReference = CF091A4D99D0C4A66333A59C /* Pods-Todoey.debug.xcconfig */;
			buildSettings = {
				ASSETCATALOG_COMPILER_APPICON_NAME = AppIcon;
				CODE_SIGN_STYLE = Automatic;
				DEVELOPMENT_TEAM = 6LYC36B94Q;
				INFOPLIST_FILE = Todoey/Info.plist;
				IPHONEOS_DEPLOYMENT_TARGET = 11.0;
				LD_RUNPATH_SEARCH_PATHS = (
					"$(inherited)",
					"@executable_path/Frameworks",
				);
				PRODUCT_BUNDLE_IDENTIFIER = com.techouse.Todoey;
				PRODUCT_NAME = "$(TARGET_NAME)";
				SWIFT_VERSION = 4.0;
				TARGETED_DEVICE_FAMILY = "1,2";
			};
			name = Debug;
		};
		27F77B9A20C867E800EC091B /* Release */ = {
			isa = XCBuildConfiguration;
			baseConfigurationReference = F9AAEFFDDBD2B9909A71AE1A /* Pods-Todoey.release.xcconfig */;
			buildSettings = {
				ASSETCATALOG_COMPILER_APPICON_NAME = AppIcon;
				CODE_SIGN_STYLE = Automatic;
				DEVELOPMENT_TEAM = 6LYC36B94Q;
				INFOPLIST_FILE = Todoey/Info.plist;
				IPHONEOS_DEPLOYMENT_TARGET = 11.0;
				LD_RUNPATH_SEARCH_PATHS = (
					"$(inherited)",
					"@executable_path/Frameworks",
				);
				PRODUCT_BUNDLE_IDENTIFIER = com.techouse.Todoey;
				PRODUCT_NAME = "$(TARGET_NAME)";
				SWIFT_VERSION = 4.0;
				TARGETED_DEVICE_FAMILY = "1,2";
			};
			name = Release;
		};
/* End XCBuildConfiguration section */

/* Begin XCConfigurationList section */
		27F77B8120C867E700EC091B /* Build configuration list for PBXProject "Todoey" */ = {
			isa = XCConfigurationList;
			buildConfigurations = (
				27F77B9620C867E800EC091B /* Debug */,
				27F77B9720C867E800EC091B /* Release */,
			);
			defaultConfigurationIsVisible = 0;
			defaultConfigurationName = Release;
		};
		27F77B9820C867E800EC091B /* Build configuration list for PBXNativeTarget "Todoey" */ = {
			isa = XCConfigurationList;
			buildConfigurations = (
				27F77B9920C867E800EC091B /* Debug */,
				27F77B9A20C867E800EC091B /* Release */,
			);
			defaultConfigurationIsVisible = 0;
			defaultConfigurationName = Release;
		};
/* End XCConfigurationList section */
	};
	rootObject = 27F77B7E20C867E700EC091B /* Project object */;
}
